
Microsoft Visual Studio Solution File, Format Version 12.00
# Visual Studio Version 17
VisualStudioVersion = 17.9.34622.214
MinimumVisualStudioVersion = 10.0.40219.1
Project("{FAE04EC0-301F-11D3-BF4B-00C04F79EFBC}") = "ChatServices", "ChatServices\ChatServices.csproj", "{A8FEA10B-D9E4-486E-9C25-C84431235FE5}"
EndProject
Global
	GlobalSection(SolutionConfigurationPlatforms) = preSolution
		Debug|Any CPU = Debug|Any CPU
		Release|Any CPU = Release|Any CPU
	EndGlobalSection
	GlobalSection(ProjectConfigurationPlatforms) = postSolution
		{A8FEA10B-D9E4-486E-9C25-C84431235FE5}.Debug|Any CPU.ActiveCfg = Debug|Any CPU
		{A8FEA10B-D9E4-486E-9C25-C84431235FE5}.Debug|Any CPU.Build.0 = Debug|Any CPU
		{A8FEA10B-D9E4-486E-9C25-C84431235FE5}.Release|Any CPU.ActiveCfg = Release|Any CPU
		{A8FEA10B-D9E4-486E-9C25-C84431235FE5}.Release|Any CPU.Build.0 = Release|Any CPU
	EndGlobalSection
	GlobalSection(SolutionProperties) = preSolution
		HideSolutionNode = FALSE
	EndGlobalSection
	GlobalSection(ExtensibilityGlobals) = postSolution
		SolutionGuid = {38920640-99DB-43D4-89F1-5F36A387ABCF}
	EndGlobalSection
EndGlobal
